
Microsoft Visual Studio Solution File, Format Version 12.00
# Visual Studio Version 16
VisualStudioVersion = 16.0.30711.63
MinimumVisualStudioVersion = 10.0.40219.1
Project("{9A19103F-16F7-4668-BE54-9A1E7A4F7556}") = "PrimeNumbers.NumberAssigner.API", "PrimeNumbers.NumberAssigner.API\PrimeNumbers.NumberAssigner.API.csproj", "{E78D957D-A7EB-4A96-B0C9-2D67882BA8CD}"
EndProject
Project("{FAE04EC0-301F-11D3-BF4B-00C04F79EFBC}") = "PrimeNumbers.NumberAssigner.Core", "PrimeNumbers.NumberAssigner.Core\PrimeNumbers.NumberAssigner.Core.csproj", "{F4AFE3F3-3865-47B4-AEE4-5E433C4E1DF4}"
EndProject
Global
	GlobalSection(SolutionConfigurationPlatforms) = preSolution
		Debug|Any CPU = Debug|Any CPU
		Release|Any CPU = Release|Any CPU
	EndGlobalSection
	GlobalSection(ProjectConfigurationPlatforms) = postSolution
		{E78D957D-A7EB-4A96-B0C9-2D67882BA8CD}.Debug|Any CPU.ActiveCfg = Debug|Any CPU
		{E78D957D-A7EB-4A96-B0C9-2D67882BA8CD}.Debug|Any CPU.Build.0 = Debug|Any CPU
		{E78D957D-A7EB-4A96-B0C9-2D67882BA8CD}.Release|Any CPU.ActiveCfg = Release|Any CPU
		{E78D957D-A7EB-4A96-B0C9-2D67882BA8CD}.Release|Any CPU.Build.0 = Release|Any CPU
		{F4AFE3F3-3865-47B4-AEE4-5E433C4E1DF4}.Debug|Any CPU.ActiveCfg = Debug|Any CPU
		{F4AFE3F3-3865-47B4-AEE4-5E433C4E1DF4}.Debug|Any CPU.Build.0 = Debug|Any CPU
		{F4AFE3F3-3865-47B4-AEE4-5E433C4E1DF4}.Release|Any CPU.ActiveCfg = Release|Any CPU
		{F4AFE3F3-3865-47B4-AEE4-5E433C4E1DF4}.Release|Any CPU.Build.0 = Release|Any CPU
	EndGlobalSection
	GlobalSection(SolutionProperties) = preSolution
		HideSolutionNode = FALSE
	EndGlobalSection
	GlobalSection(ExtensibilityGlobals) = postSolution
		SolutionGuid = {B1850E7C-162D-499F-8843-8F5F9CE25901}
	EndGlobalSection
EndGlobal
